<?xml version="1.0" encoding="utf-8"?>
<Project ToolsVersion="4.0" xmlns="http://schemas.microsoft.com/developer/msbuild/2003">
  <ItemGroup>
    <Filter Include="Arquivos de Origem">
      <UniqueIdentifier>{4FC737F1-C7A5-4376-A066-2A32D752A2FF}</UniqueIdentifier>
      <Extensions>cpp;c;cc;cxx;c++;cppm;ixx;def;odl;idl;hpj;bat;asm;asmx</Extensions>
    </Filter>
    <Filter Include="Arquivos de Cabeçalho">
      <UniqueIdentifier>{93995380-89BD-4b04-88EB-625FBE52EBFB}</UniqueIdentifier>
      <Extensions>h;hh;hpp;hxx;h++;hm;inl;inc;ipp;xsd</Extensions>
    </Filter>
    <Filter Include="Arquivos de Recurso">
      <UniqueIdentifier>{67DA6AB6-F800-4c08-8B7A-83BB121AAD01}</UniqueIdentifier>
      <Extensions>rc;ico;cur;bmp;dlg;rc2;rct;bin;rgs;gif;jpg;jpeg;jpe;resx;tiff;tif;png;wav;mfcribbon-ms</Extensions>
    </Filter>
  </ItemGroup>
  <ItemGroup>
    <ClCompile Include="Application.cpp">
      <Filter>Arquivos de Origem</Filter>
    </ClCompile>
    <ClCompile Include="src\Engine.cpp">
      <Filter>Arquivos de Origem</Filter>
    </ClCompile>
    <ClCompile Include="src\base\Shader.cpp">
      <Filter>Arquivos de Origem</Filter>
    </ClCompile>
    <ClCompile Include="vendor\stb_image.cpp">
      <Filter>Arquivos de Origem</Filter>
    </ClCompile>
    <ClCompile Include="src\gl\VertexBufferObject.cpp">
      <Filter>Arquivos de Origem</Filter>
    </ClCompile>
    <ClCompile Include="src\gl\ElementBufferObject.cpp">
      <Filter>Arquivos de Origem</Filter>
    </ClCompile>
    <ClCompile Include="src\gl\VertexArrayObject.cpp">
      <Filter>Arquivos de Origem</Filter>
    </ClCompile>
    <ClCompile Include="src\base\Texture2D.cpp">
      <Filter>Arquivos de Origem</Filter>
    </ClCompile>
    <ClCompile Include="src\component\Transform.cpp">
      <Filter>Arquivos de Origem</Filter>
    </ClCompile>
    <ClCompile Include="src\component\Camera.cpp">
      <Filter>Arquivos de Origem</Filter>
    </ClCompile>
    <ClCompile Include="src\entity\GameObject.cpp">
      <Filter>Arquivos de Origem</Filter>
    </ClCompile>
    <ClCompile Include="src\base\Mesh.cpp">
      <Filter>Arquivos de Origem</Filter>
    </ClCompile>
    <ClCompile Include="src\component\Renderer.cpp">
      <Filter>Arquivos de Origem</Filter>
    </ClCompile>
    <ClCompile Include="src\base\Material.cpp">
      <Filter>Arquivos de Origem</Filter>
    </ClCompile>
    <ClCompile Include="src\component\RendererCube.cpp">
      <Filter>Arquivos de Origem</Filter>
    </ClCompile>
    <ClCompile Include="src\base\Model.cpp">
      <Filter>Arquivos de Origem</Filter>
    </ClCompile>
    <ClCompile Include="src\component\RendererModel.cpp">
      <Filter>Arquivos de Origem</Filter>
    </ClCompile>
    <ClCompile Include="src\component\RendererPlane.cpp">
      <Filter>Arquivos de Origem</Filter>
    </ClCompile>
    <ClCompile Include="vendor\glad\src\glad.c">
      <Filter>Arquivos de Origem</Filter>
    </ClCompile>
    <ClCompile Include="src\gl\FrameBufferObject.cpp">
      <Filter>Arquivos de Origem</Filter>
    </ClCompile>
    <ClCompile Include="src\gl\TextureColorBuffer.cpp">
      <Filter>Arquivos de Origem</Filter>
    </ClCompile>
    <ClCompile Include="src\gl\RenderBufferObject.cpp">
      <Filter>Arquivos de Origem</Filter>
    </ClCompile>
    <ClCompile Include="src\base\FrameBufferTexture.cpp">
      <Filter>Arquivos de Origem</Filter>
    </ClCompile>
    <ClCompile Include="src\gl\UniformBuffer.cpp">
      <Filter>Arquivos de Origem</Filter>
    </ClCompile>
    <ClCompile Include="src\base\InstancedBuffer.cpp">
      <Filter>Arquivos de Origem</Filter>
    </ClCompile>
    <ClCompile Include="src\base\TextureCubeMap.cpp">
      <Filter>Arquivos de Origem</Filter>
    </ClCompile>
    <ClCompile Include="src\base\Skybox.cpp">
      <Filter>Arquivos de Origem</Filter>
    </ClCompile>
    <ClCompile Include="src\base\Texture.cpp">
      <Filter>Arquivos de Origem</Filter>
    </ClCompile>
  </ItemGroup>
  <ItemGroup>
    <ClInclude Include="header\Engine.h">
      <Filter>Arquivos de Cabeçalho</Filter>
    </ClInclude>
    <ClInclude Include="header\base\Shader.h">
      <Filter>Arquivos de Cabeçalho</Filter>
    </ClInclude>
    <ClInclude Include="vendor\stb_image.h">
      <Filter>Arquivos de Cabeçalho</Filter>
    </ClInclude>
    <ClInclude Include="header\gl\VertexBufferObject.h">
      <Filter>Arquivos de Cabeçalho</Filter>
    </ClInclude>
    <ClInclude Include="header\gl\ElementBufferObject.h">
      <Filter>Arquivos de Cabeçalho</Filter>
    </ClInclude>
    <ClInclude Include="header\gl\VertexArrayObject.h">
      <Filter>Arquivos de Cabeçalho</Filter>
    </ClInclude>
    <ClInclude Include="header\gl\VertexAttribPointerLayout.h">
      <Filter>Arquivos de Cabeçalho</Filter>
    </ClInclude>
    <ClInclude Include="header\base\Texture2D.h">
      <Filter>Arquivos de Cabeçalho</Filter>
    </ClInclude>
    <ClInclude Include="header\component\Component.h">
      <Filter>Arquivos de Cabeçalho</Filter>
    </ClInclude>
    <ClInclude Include="header\entity\Entity.h">
      <Filter>Arquivos de Cabeçalho</Filter>
    </ClInclude>
    <ClInclude Include="header\core\Singleton.h">
      <Filter>Arquivos de Cabeçalho</Filter>
    </ClInclude>
    <ClInclude Include="header\core\Time.h">
      <Filter>Arquivos de Cabeçalho</Filter>
    </ClInclude>
    <ClInclude Include="header\component\Transform.h">
      <Filter>Arquivos de Cabeçalho</Filter>
    </ClInclude>
    <ClInclude Include="header\component\Camera.h">
      <Filter>Arquivos de Cabeçalho</Filter>
    </ClInclude>
    <ClInclude Include="header\entity\GameObject.h">
      <Filter>Arquivos de Cabeçalho</Filter>
    </ClInclude>
    <ClInclude Include="header\core\Input.h">
      <Filter>Arquivos de Cabeçalho</Filter>
    </ClInclude>
    <ClInclude Include="header\core\Mouse.h">
      <Filter>Arquivos de Cabeçalho</Filter>
    </ClInclude>
    <ClInclude Include="header\base\Mesh.h">
      <Filter>Arquivos de Cabeçalho</Filter>
    </ClInclude>
    <ClInclude Include="header\component\Renderer.h">
      <Filter>Arquivos de Cabeçalho</Filter>
    </ClInclude>
    <ClInclude Include="header\base\Material.h">
      <Filter>Arquivos de Cabeçalho</Filter>
    </ClInclude>
    <ClInclude Include="header\manager\EntityManager.h">
      <Filter>Arquivos de Cabeçalho</Filter>
    </ClInclude>
    <ClInclude Include="header\core\core.h">
      <Filter>Arquivos de Cabeçalho</Filter>
    </ClInclude>
    <ClInclude Include="header\core\base.h">
      <Filter>Arquivos de Cabeçalho</Filter>
    </ClInclude>
    <ClInclude Include="header\core\Vertex.h">
      <Filter>Arquivos de Cabeçalho</Filter>
    </ClInclude>
    <ClInclude Include="header\core\Random.h">
      <Filter>Arquivos de Cabeçalho</Filter>
    </ClInclude>
    <ClInclude Include="header\component\Light.h">
      <Filter>Arquivos de Cabeçalho</Filter>
    </ClInclude>
    <ClInclude Include="header\component\RendererCube.h">
      <Filter>Arquivos de Cabeçalho</Filter>
    </ClInclude>
    <ClInclude Include="header\math\Vector2.h">
      <Filter>Arquivos de Cabeçalho</Filter>
    </ClInclude>
    <ClInclude Include="header\math\Vector3.h">
      <Filter>Arquivos de Cabeçalho</Filter>
    </ClInclude>
    <ClInclude Include="header\math\Vector4.h">
      <Filter>Arquivos de Cabeçalho</Filter>
    </ClInclude>
    <ClInclude Include="header\math\Matrix4.h">
      <Filter>Arquivos de Cabeçalho</Filter>
    </ClInclude>
    <ClInclude Include="header\base\Model.h">
      <Filter>Arquivos de Cabeçalho</Filter>
    </ClInclude>
    <ClInclude Include="header\component\RendererModel.h">
      <Filter>Arquivos de Cabeçalho</Filter>
    </ClInclude>
    <ClInclude Include="header\core\FileSystem.h">
      <Filter>Arquivos de Cabeçalho</Filter>
    </ClInclude>
    <ClInclude Include="header\manager\TextureManager.h">
      <Filter>Arquivos de Cabeçalho</Filter>
    </ClInclude>
    <ClInclude Include="header\manager\ShapeVerticesManager.h">
      <Filter>Arquivos de Cabeçalho</Filter>
    </ClInclude>
    <ClInclude Include="header\component\RendererPlane.h">
      <Filter>Arquivos de Cabeçalho</Filter>
    </ClInclude>
    <ClInclude Include="header\gl\FrameBufferObject.h">
      <Filter>Arquivos de Cabeçalho</Filter>
    </ClInclude>
    <ClInclude Include="header\gl\TextureColorBuffer.h">
      <Filter>Arquivos de Cabeçalho</Filter>
    </ClInclude>
    <ClInclude Include="header\gl\RenderBufferObject.h">
      <Filter>Arquivos de Cabeçalho</Filter>
    </ClInclude>
    <ClInclude Include="header\base\FrameBufferTexture.h">
      <Filter>Arquivos de Cabeçalho</Filter>
    </ClInclude>
    <ClInclude Include="header\core\VertexQuad.h">
      <Filter>Arquivos de Cabeçalho</Filter>
    </ClInclude>
    <ClInclude Include="header\gl\UniformBuffer.h">
      <Filter>Arquivos de Cabeçalho</Filter>
    </ClInclude>
    <ClInclude Include="header\manager\MaterialManager.h">
      <Filter>Arquivos de Cabeçalho</Filter>
    </ClInclude>
    <ClInclude Include="header\manager\InstancedBufferManager.h">
      <Filter>Arquivos de Cabeçalho</Filter>
    </ClInclude>
    <ClInclude Include="header\base\InstancedBuffer.h">
      <Filter>Arquivos de Cabeçalho</Filter>
    </ClInclude>
    <ClInclude Include="header\base\TextureCubeMap.h">
      <Filter>Arquivos de Cabeçalho</Filter>
    </ClInclude>
    <ClInclude Include="header\base\Skybox.h">
      <Filter>Arquivos de Cabeçalho</Filter>
    </ClInclude>
    <ClInclude Include="header\base\Texture.h">
      <Filter>Arquivos de Cabeçalho</Filter>
    </ClInclude>
    <ClInclude Include="vendor\ecs\ecs.hpp">
      <Filter>Arquivos de Cabeçalho</Filter>
    </ClInclude>
    <ClInclude Include="core\shader.hpp">
      <Filter>Arquivos de Cabeçalho</Filter>
    </ClInclude>
    <ClInclude Include="core\texture.hpp">
      <Filter>Arquivos de Cabeçalho</Filter>
    </ClInclude>
  </ItemGroup>
  <ItemGroup>
    <None Include="resources\shaders\uniform\uniform.frag" />
    <None Include="resources\shaders\uniform\uniform.vert" />
    <None Include="resources\shaders\light\light.frag" />
    <None Include="resources\shaders\light\light.vert" />
    <None Include="resources\shaders\default\default.frag" />
    <None Include="resources\shaders\default\default.vert" />
    <None Include="resources\shaders\standard\standard.frag" />
    <None Include="resources\shaders\standard\standard.vert" />
    <None Include="resources\shaders\depth\depth.frag" />
    <None Include="resources\shaders\depth\depth.vert" />
    <None Include="resources\shaders\framebuffer\framebuffer.frag" />
    <None Include="resources\shaders\framebuffer\framebuffer.vert" />
    <None Include="resources\shaders\skybox\skybox.frag" />
    <None Include="resources\shaders\skybox\skybox.vert" />
  </ItemGroup>
  <ItemGroup>
    <Image Include="resources\texture\container.jpg">
      <Filter>Arquivos de Recurso</Filter>
    </Image>
    <Image Include="resources\texture\awesomeface.png">
      <Filter>Arquivos de Recurso</Filter>
    </Image>
    <Image Include="resources\texture\container2_specular.png">
      <Filter>Arquivos de Recurso</Filter>
    </Image>
    <Image Include="resources\texture\container2.png">
      <Filter>Arquivos de Recurso</Filter>
    </Image>
    <Image Include="resources\texture\Crystal-diffuse.jpg">
      <Filter>Arquivos de Recurso</Filter>
    </Image>
    <Image Include="resources\texture\Crystal-spec.jpg">
      <Filter>Arquivos de Recurso</Filter>
    </Image>
    <Image Include="resources\texture\grass.png">
      <Filter>Arquivos de Recurso</Filter>
    </Image>
    <Image Include="resources\texture\skybox\back.jpg">
      <Filter>Arquivos de Recurso</Filter>
    </Image>
    <Image Include="resources\texture\skybox\bottom.jpg">
      <Filter>Arquivos de Recurso</Filter>
    </Image>
    <Image Include="resources\texture\skybox\front.jpg">
      <Filter>Arquivos de Recurso</Filter>
    </Image>
    <Image Include="resources\texture\skybox\left.jpg">
      <Filter>Arquivos de Recurso</Filter>
    </Image>
    <Image Include="resources\texture\skybox\right.jpg">
      <Filter>Arquivos de Recurso</Filter>
    </Image>
    <Image Include="resources\texture\skybox\top.jpg">
      <Filter>Arquivos de Recurso</Filter>
    </Image>
    <Image Include="resources\texture\skybox\ocean\back.jpg">
      <Filter>Arquivos de Recurso</Filter>
    </Image>
    <Image Include="resources\texture\skybox\ocean\bottom.jpg">
      <Filter>Arquivos de Recurso</Filter>
    </Image>
    <Image Include="resources\texture\skybox\ocean\front.jpg">
      <Filter>Arquivos de Recurso</Filter>
    </Image>
    <Image Include="resources\texture\skybox\ocean\left.jpg">
      <Filter>Arquivos de Recurso</Filter>
    </Image>
    <Image Include="resources\texture\skybox\ocean\right.jpg">
      <Filter>Arquivos de Recurso</Filter>
    </Image>
    <Image Include="resources\texture\skybox\ocean\top.jpg">
      <Filter>Arquivos de Recurso</Filter>
    </Image>
    <Image Include="resources\texture\skybox\space_blue\back.png">
      <Filter>Arquivos de Recurso</Filter>
    </Image>
    <Image Include="resources\texture\skybox\space_blue\bottom.png">
      <Filter>Arquivos de Recurso</Filter>
    </Image>
    <Image Include="resources\texture\skybox\space_blue\front.png">
      <Filter>Arquivos de Recurso</Filter>
    </Image>
    <Image Include="resources\texture\skybox\space_blue\left.png">
      <Filter>Arquivos de Recurso</Filter>
    </Image>
    <Image Include="resources\texture\skybox\space_blue\right.png">
      <Filter>Arquivos de Recurso</Filter>
    </Image>
    <Image Include="resources\texture\skybox\space_blue\top.png">
      <Filter>Arquivos de Recurso</Filter>
    </Image>
    <Image Include="resources\texture\skybox\space_lightblue\back.png">
      <Filter>Arquivos de Recurso</Filter>
    </Image>
    <Image Include="resources\texture\skybox\space_lightblue\bottom.png">
      <Filter>Arquivos de Recurso</Filter>
    </Image>
    <Image Include="resources\texture\skybox\space_lightblue\front.png">
      <Filter>Arquivos de Recurso</Filter>
    </Image>
    <Image Include="resources\texture\skybox\space_lightblue\left.png">
      <Filter>Arquivos de Recurso</Filter>
    </Image>
    <Image Include="resources\texture\skybox\space_lightblue\right.png">
      <Filter>Arquivos de Recurso</Filter>
    </Image>
    <Image Include="resources\texture\skybox\space_lightblue\top.png">
      <Filter>Arquivos de Recurso</Filter>
    </Image>
    <Image Include="resources\texture\skybox\space_red\bkg1_back6.png">
      <Filter>Arquivos de Recurso</Filter>
    </Image>
    <Image Include="resources\texture\skybox\space_red\bkg1_bottom4.png">
      <Filter>Arquivos de Recurso</Filter>
    </Image>
    <Image Include="resources\texture\skybox\space_red\bkg1_front5.png">
      <Filter>Arquivos de Recurso</Filter>
    </Image>
    <Image Include="resources\texture\skybox\space_red\bkg1_left2.png">
      <Filter>Arquivos de Recurso</Filter>
    </Image>
    <Image Include="resources\texture\skybox\space_red\bkg1_right1.png">
      <Filter>Arquivos de Recurso</Filter>
    </Image>
    <Image Include="resources\texture\skybox\space_red\bkg1_top3.png">
      <Filter>Arquivos de Recurso</Filter>
    </Image>
    <Image Include="resources\texture\skybox\space_red\bkg2_back6.png">
      <Filter>Arquivos de Recurso</Filter>
    </Image>
    <Image Include="resources\texture\skybox\space_red\bkg2_bottom4.png">
      <Filter>Arquivos de Recurso</Filter>
    </Image>
    <Image Include="resources\texture\skybox\space_red\bkg2_front5.png">
      <Filter>Arquivos de Recurso</Filter>
    </Image>
    <Image Include="resources\texture\skybox\space_red\bkg2_left2.png">
      <Filter>Arquivos de Recurso</Filter>
    </Image>
    <Image Include="resources\texture\skybox\space_red\bkg2_right1.png">
      <Filter>Arquivos de Recurso</Filter>
    </Image>
    <Image Include="resources\texture\skybox\space_red\bkg2_top3.png">
      <Filter>Arquivos de Recurso</Filter>
    </Image>
    <Image Include="resources\texture\skybox\space_red\bkg3_back6.png">
      <Filter>Arquivos de Recurso</Filter>
    </Image>
    <Image Include="resources\texture\skybox\space_red\bkg3_bottom4.png">
      <Filter>Arquivos de Recurso</Filter>
    </Image>
    <Image Include="resources\texture\skybox\space_red\bkg3_front5.png">
      <Filter>Arquivos de Recurso</Filter>
    </Image>
    <Image Include="resources\texture\skybox\space_red\bkg3_left2.png">
      <Filter>Arquivos de Recurso</Filter>
    </Image>
    <Image Include="resources\texture\skybox\space_red\bkg3_right1.png">
      <Filter>Arquivos de Recurso</Filter>
    </Image>
    <Image Include="resources\texture\skybox\space_red\bkg3_top3.png">
      <Filter>Arquivos de Recurso</Filter>
    </Image>
  </ItemGroup>
</Project>